
Microsoft Visual Studio Solution File, Format Version 12.00
# Visual Studio Version 16
VisualStudioVersion = 16.0.30128.74
MinimumVisualStudioVersion = 10.0.40219.1
Project("{FAE04EC0-301F-11D3-BF4B-00C04F79EFBC}") = "Sudoku Solver", "Sudoku Solver\Sudoku Solver.csproj", "{D68B5811-90CD-43DF-AF7F-C1B9A2F25C58}"
EndProject
Global
	GlobalSection(SolutionConfigurationPlatforms) = preSolution
		Debug|Any CPU = Debug|Any CPU
		Release|Any CPU = Release|Any CPU
	EndGlobalSection
	GlobalSection(ProjectConfigurationPlatforms) = postSolution
		{D68B5811-90CD-43DF-AF7F-C1B9A2F25C58}.Debug|Any CPU.ActiveCfg = Debug|Any CPU
		{D68B5811-90CD-43DF-AF7F-C1B9A2F25C58}.Debug|Any CPU.Build.0 = Debug|Any CPU
		{D68B5811-90CD-43DF-AF7F-C1B9A2F25C58}.Release|Any CPU.ActiveCfg = Release|Any CPU
		{D68B5811-90CD-43DF-AF7F-C1B9A2F25C58}.Release|Any CPU.Build.0 = Release|Any CPU
	EndGlobalSection
	GlobalSection(SolutionProperties) = preSolution
		HideSolutionNode = FALSE
	EndGlobalSection
	GlobalSection(ExtensibilityGlobals) = postSolution
		SolutionGuid = {4FD09D99-9059-430A-B9F7-C679DE586524}
	EndGlobalSection
EndGlobal
